<?xml version="1.0" encoding="utf-8"?>
<Project ToolsVersion="4.0" xmlns:atg="http://atg.xbox.com" xmlns="http://schemas.microsoft.com/developer/msbuild/2003">
  <ItemGroup>
    <Filter Include="Resource Files">
      <UniqueIdentifier>{8e114980-c1a3-4ada-ad7c-83caadf5daeb}</UniqueIdentifier>
      <Extensions>rc;ico;cur;bmp;dlg;rc2;rct;bin;rgs;gif;jpg;jpeg;jpe</Extensions>
    </Filter>
    <Filter Include="DXUT">
      <UniqueIdentifier>{a43c5c25-0e86-4a20-b64a-883785ff74fd}</UniqueIdentifier>
    </Filter>
    <Filter Include="Shaders">
      <UniqueIdentifier>{2c3d4c8c-5d1a-459a-a05a-a4e4b608a44e}</UniqueIdentifier>
      <Extensions>fx;fxh;hlsl</Extensions>
    </Filter>
    <Filter Include="Include">
      <UniqueIdentifier>{4055b418-52a5-40f9-b96f-707a1680e72f}</UniqueIdentifier>
    </Filter>
    <Filter Include="Source">
      <UniqueIdentifier>{fff0b8d1-749e-496b-aea6-9fefd90e46b4}</UniqueIdentifier>
    </Filter>
    <Filter Include="ImGui">
      <UniqueIdentifier>{e153ddf1-c0b4-4fac-8ab4-cdaf12e9335b}</UniqueIdentifier>
    </Filter>
    <Filter Include="ImGui\Source">
      <UniqueIdentifier>{13a116c8-c746-4352-b11d-7e1bf47aac7d}</UniqueIdentifier>
    </Filter>
    <Filter Include="ImGui\Include">
      <UniqueIdentifier>{35ce39d7-5e95-4a64-9ad0-dad9878c7dbc}</UniqueIdentifier>
    </Filter>
    <Filter Include="Utilities">
      <UniqueIdentifier>{1f3f6201-ee0b-403a-af6b-408000f3ac68}</UniqueIdentifier>
    </Filter>
    <Filter Include="Utilities\Matrix">
      <UniqueIdentifier>{e313a5fd-a2a4-4117-8f71-181e4e3c4e6b}</UniqueIdentifier>
    </Filter>
    <Filter Include="Utilities\Memory">
      <UniqueIdentifier>{eac29000-35b7-41e9-9d58-ffb0dddc4e6d}</UniqueIdentifier>
    </Filter>
    <Filter Include="Utilities\Vectors">
      <UniqueIdentifier>{871d9445-7bfe-4aef-93d6-7255aaeb14f4}</UniqueIdentifier>
    </Filter>
    <Filter Include="Utilities\Structures">
      <UniqueIdentifier>{36e13dfc-9730-4147-880d-46f870ef6b27}</UniqueIdentifier>
    </Filter>
    <Filter Include="Utilities\Util">
      <UniqueIdentifier>{18c236e9-4dc7-4052-a83e-c63b089f0b98}</UniqueIdentifier>
    </Filter>
    <Filter Include="Include\ECS">
      <UniqueIdentifier>{6194c11d-52d6-4292-aeee-f0251d599eeb}</UniqueIdentifier>
    </Filter>
    <Filter Include="Source\ECS">
      <UniqueIdentifier>{ce19fbbd-5401-44af-af02-6982808ca6b3}</UniqueIdentifier>
    </Filter>
  </ItemGroup>
  <ItemGroup>
    <ClInclude Include="Include\BaseApp.h">
      <Filter>Include</Filter>
    </ClInclude>
    <ClInclude Include="Include\Prerequisites.h">
      <Filter>Include</Filter>
    </ClInclude>
    <ClInclude Include="Include\Window.h">
      <Filter>Include</Filter>
    </ClInclude>
    <ClInclude Include="Include\Resource.h">
      <Filter>Include</Filter>
    </ClInclude>
    <ClInclude Include="Include\Swapchain.h">
      <Filter>Include</Filter>
    </ClInclude>
    <ClInclude Include="Include\Device.h">
      <Filter>Include</Filter>
    </ClInclude>
    <ClInclude Include="Include\DeviceContext.h">
      <Filter>Include</Filter>
    </ClInclude>
    <ClInclude Include="Include\Texture.h">
      <Filter>Include</Filter>
    </ClInclude>
    <ClInclude Include="Include\stb_image.h">
      <Filter>Include</Filter>
    </ClInclude>
    <ClInclude Include="Include\DepthStencilView.h">
      <Filter>Include</Filter>
    </ClInclude>
    <ClInclude Include="Include\RenderTargetView.h">
      <Filter>Include</Filter>
    </ClInclude>
    <ClInclude Include="Include\InputLayout.h">
      <Filter>Include</Filter>
    </ClInclude>
    <ClInclude Include="Include\ShaderProgram.h">
      <Filter>Include</Filter>
    </ClInclude>
    <ClInclude Include="Include\Viewport.h">
      <Filter>Include</Filter>
    </ClInclude>
    <ClInclude Include="Include\Buffer.h">
      <Filter>Include</Filter>
    </ClInclude>
    <ClInclude Include="Include\MeshComponent.h">
      <Filter>Include</Filter>
    </ClInclude>
    <ClInclude Include="Include\SamplerState.h">
      <Filter>Include</Filter>
    </ClInclude>
    <ClInclude Include="imgui\imgui-docking\imgui-docking\backends\imgui_impl_win32.h">
      <Filter>ImGui\Source</Filter>
    </ClInclude>
    <ClInclude Include="imgui\imgui-docking\imgui-docking\imgui.h">
      <Filter>ImGui\Include</Filter>
    </ClInclude>
    <ClInclude Include="imgui\imgui-docking\imgui-docking\imgui_internal.h">
      <Filter>ImGui\Include</Filter>
    </ClInclude>
    <ClInclude Include="imgui\imgui-docking\imgui-docking\imstb_rectpack.h">
      <Filter>ImGui\Include</Filter>
    </ClInclude>
    <ClInclude Include="imgui\imgui-docking\imgui-docking\imstb_textedit.h">
      <Filter>ImGui\Include</Filter>
    </ClInclude>
    <ClInclude Include="imgui\imgui-docking\imgui-docking\imstb_truetype.h">
      <Filter>ImGui\Include</Filter>
    </ClInclude>
    <ClInclude Include="imgui\imgui-docking\imgui-docking\imconfig.h">
      <Filter>ImGui\Include</Filter>
    </ClInclude>
    <ClInclude Include="imgui\imgui-docking\imgui-docking\backends\imgui_impl_dx11.h">
      <Filter>ImGui\Source</Filter>
    </ClInclude>
    <ClInclude Include="Include\UI.h">
      <Filter>Include</Filter>
    </ClInclude>
    <ClInclude Include="Include\ModelLoader.h">
      <Filter>Include</Filter>
    </ClInclude>
    <ClInclude Include="Include\Utilities\Matrix\Matrix2x2.h">
      <Filter>Utilities\Matrix</Filter>
    </ClInclude>
    <ClInclude Include="Include\Utilities\Matrix\Matrix3x3.h">
      <Filter>Utilities\Matrix</Filter>
    </ClInclude>
    <ClInclude Include="Include\Utilities\Matrix\Matrix4x4.h">
      <Filter>Utilities\Matrix</Filter>
    </ClInclude>
    <ClInclude Include="Include\Utilities\Memory\TSharedPointer.h">
      <Filter>Utilities\Memory</Filter>
    </ClInclude>
    <ClInclude Include="Include\Utilities\Memory\TStaticPtr.h">
      <Filter>Utilities\Memory</Filter>
    </ClInclude>
    <ClInclude Include="Include\Utilities\Memory\TUniquePtr.h">
      <Filter>Utilities\Memory</Filter>
    </ClInclude>
    <ClInclude Include="Include\Utilities\Memory\TWeakPointer.h">
      <Filter>Utilities\Memory</Filter>
    </ClInclude>
    <ClInclude Include="Include\Utilities\Vectors\Quaternion.h">
      <Filter>Utilities\Vectors</Filter>
    </ClInclude>
    <ClInclude Include="Include\Utilities\Vectors\Vector2.h">
      <Filter>Utilities\Vectors</Filter>
    </ClInclude>
    <ClInclude Include="Include\Utilities\Vectors\Vector3.h">
      <Filter>Utilities\Vectors</Filter>
    </ClInclude>
    <ClInclude Include="Include\Utilities\Vectors\Vector4.h">
      <Filter>Utilities\Vectors</Filter>
    </ClInclude>
    <ClInclude Include="Include\Utilities\Structures\TArray.h">
      <Filter>Utilities\Structures</Filter>
    </ClInclude>
    <ClInclude Include="Include\Utilities\Structures\TMap.h">
      <Filter>Utilities\Structures</Filter>
    </ClInclude>
    <ClInclude Include="Include\Utilities\Structures\TPair.h">
      <Filter>Utilities\Structures</Filter>
    </ClInclude>
    <ClInclude Include="Include\Utilities\Structures\TSet.h">
      <Filter>Utilities\Structures</Filter>
    </ClInclude>
    <ClInclude Include="Include\Utilities\Utilities\EngineMath.h">
      <Filter>Utilities\Util</Filter>
    </ClInclude>
    <ClInclude Include="Include\ECS\Transform.h">
      <Filter>Include\ECS</Filter>
    </ClInclude>
    <ClInclude Include="Include\ECS\Actor.h">
      <Filter>Include\ECS</Filter>
    </ClInclude>
    <ClInclude Include="Include\ECS\Component.h">
      <Filter>Include\ECS</Filter>
    </ClInclude>
    <ClInclude Include="Include\ECS\Entity.h">
      <Filter>Include\ECS</Filter>
    </ClInclude>
    <ClInclude Include="Include\obj\OBJ_Loader.h">
      <Filter>Include</Filter>
    </ClInclude>
  </ItemGroup>
  <ItemGroup>
    <ClCompile Include="JuanHDEngine.cpp" />
    <ClCompile Include="Source\BaseApp.cpp">
      <Filter>Source</Filter>
    </ClCompile>
    <ClCompile Include="Source\Window.cpp">
      <Filter>Source</Filter>
    </ClCompile>
    <ClCompile Include="Source\Device.cpp">
      <Filter>Source</Filter>
    </ClCompile>
    <ClCompile Include="Source\DeviceContext.cpp">
      <Filter>Source</Filter>
    </ClCompile>
    <ClCompile Include="Source\Texture.cpp">
      <Filter>Source</Filter>
    </ClCompile>
    <ClCompile Include="Source\Swapchain.cpp">
      <Filter>Source</Filter>
    </ClCompile>
    <ClCompile Include="Source\DephtStencilView.cpp">
      <Filter>Source</Filter>
    </ClCompile>
    <ClCompile Include="Source\RenderTargetView.cpp">
      <Filter>Source</Filter>
    </ClCompile>
    <ClCompile Include="Source\InputLayout.cpp">
      <Filter>Source</Filter>
    </ClCompile>
    <ClCompile Include="Source\ShaderProgram.cpp">
      <Filter>Source</Filter>
    </ClCompile>
    <ClCompile Include="Source\Viewport.cpp">
      <Filter>Source</Filter>
    </ClCompile>
    <ClCompile Include="Source\Buffer.cpp">
      <Filter>Source</Filter>
    </ClCompile>
    <ClCompile Include="Source\SampleState.cpp">
      <Filter>Source</Filter>
    </ClCompile>
    <ClCompile Include="imgui\imgui-docking\imgui-docking\imgui_demo.cpp">
      <Filter>ImGui\Source</Filter>
    </ClCompile>
    <ClCompile Include="imgui\imgui-docking\imgui-docking\imgui_draw.cpp">
      <Filter>ImGui\Source</Filter>
    </ClCompile>
    <ClCompile Include="imgui\imgui-docking\imgui-docking\imgui_widgets.cpp">
      <Filter>ImGui\Source</Filter>
    </ClCompile>
    <ClCompile Include="imgui\imgui-docking\imgui-docking\imgui.cpp">
      <Filter>ImGui\Source</Filter>
    </ClCompile>
    <ClCompile Include="imgui\imgui-docking\imgui-docking\backends\imgui_impl_win32.cpp">
      <Filter>ImGui\Source</Filter>
    </ClCompile>
    <ClCompile Include="imgui\imgui-docking\imgui-docking\imgui_tables.cpp">
      <Filter>ImGui\Source</Filter>
    </ClCompile>
    <ClCompile Include="imgui\imgui-docking\imgui-docking\backends\imgui_impl_dx11.cpp">
      <Filter>ImGui\Source</Filter>
    </ClCompile>
    <ClCompile Include="Source\UI.cpp">
      <Filter>Source</Filter>
    </ClCompile>
    <ClCompile Include="Source\ModelLoader.cpp">
      <Filter>Source</Filter>
    </ClCompile>
    <ClCompile Include="Source\ECS\Actor.cpp">
      <Filter>Source\ECS</Filter>
    </ClCompile>
    <ClCompile Include="Source\ECS\Transform.cpp">
      <Filter>Source\ECS</Filter>
    </ClCompile>
  </ItemGroup>
  <ItemGroup>
    <ResourceCompile Include="JuanHDEngine.rc">
      <Filter>Resource Files</Filter>
    </ResourceCompile>
  </ItemGroup>
  <ItemGroup>
    <None Include="bin\JuanHDEngine.fx">
      <Filter>Shaders</Filter>
    </None>
  </ItemGroup>
</Project>